
Microsoft Visual Studio Solution File, Format Version 12.00
# Visual Studio Version 17
VisualStudioVersion = 17.0.31903.59
MinimumVisualStudioVersion = 10.0.40219.1
Project("{FAE04EC0-301F-11D3-BF4B-00C04F79EFBC}") = "Project.Api", "Project.Api\Project.Api.csproj", "{C7622C6F-2116-44CF-838D-31055B33F029}"
EndProject
Project("{FAE04EC0-301F-11D3-BF4B-00C04F79EFBC}") = "Project.Infrastructure", "Project.Infrastructure\Project.Infrastructure.csproj", "{E928BF40-8383-42F0-B918-B4616284A306}"
EndProject
Project("{FAE04EC0-301F-11D3-BF4B-00C04F79EFBC}") = "Project.Core", "Project.Core\Project.Core.csproj", "{CA49AD00-FA90-457F-889A-57E60E2C7893}"
EndProject
Global
	GlobalSection(SolutionConfigurationPlatforms) = preSolution
		Debug|Any CPU = Debug|Any CPU
		Release|Any CPU = Release|Any CPU
	EndGlobalSection
	GlobalSection(SolutionProperties) = preSolution
		HideSolutionNode = FALSE
	EndGlobalSection
	GlobalSection(ProjectConfigurationPlatforms) = postSolution
		{DD73AC5A-55FA-4E17-B9BE-7D0B6884DD3D}.Debug|Any CPU.ActiveCfg = Debug|Any CPU
		{DD73AC5A-55FA-4E17-B9BE-7D0B6884DD3D}.Debug|Any CPU.Build.0 = Debug|Any CPU
		{DD73AC5A-55FA-4E17-B9BE-7D0B6884DD3D}.Release|Any CPU.ActiveCfg = Release|Any CPU
		{DD73AC5A-55FA-4E17-B9BE-7D0B6884DD3D}.Release|Any CPU.Build.0 = Release|Any CPU
	EndGlobalSection
EndGlobal
